dependencies:
- name: kube-prometheus-stack
  repository: https://prometheus-community.github.io/helm-charts
  version: 58.1.1
- name: jaeger-all-in-one
  repository: https://raw.githubusercontent.com/hansehe/jaeger-all-in-one/master/helm/charts
  version: 0.1.12
digest: sha256:1343647bd5ee9d5e726cb2b1d6cff548b2c344e900c9152d8907f20114abb2e6
generated: "2024-04-22T12:15:10.337850204+12:00"
